
Microsoft Visual Studio Solution File, Format Version 12.00
# Visual Studio Version 17
VisualStudioVersion = 17.2.32616.157
MinimumVisualStudioVersion = 10.0.40219.1
Project("{FAE04EC0-301F-11D3-BF4B-00C04F79EFBC}") = "HowMuchILoveYou", "HowMuchILoveYou\HowMuchILoveYou.csproj", "{36795116-8524-4F16-B6E7-A124E7E02E5E}"
EndProject
Global
	GlobalSection(SolutionConfigurationPlatforms) = preSolution
		Debug|Any CPU = Debug|Any CPU
		Release|Any CPU = Release|Any CPU
	EndGlobalSection
	GlobalSection(ProjectConfigurationPlatforms) = postSolution
		{36795116-8524-4F16-B6E7-A124E7E02E5E}.Debug|Any CPU.ActiveCfg = Debug|Any CPU
		{36795116-8524-4F16-B6E7-A124E7E02E5E}.Debug|Any CPU.Build.0 = Debug|Any CPU
		{36795116-8524-4F16-B6E7-A124E7E02E5E}.Release|Any CPU.ActiveCfg = Release|Any CPU
		{36795116-8524-4F16-B6E7-A124E7E02E5E}.Release|Any CPU.Build.0 = Release|Any CPU
	EndGlobalSection
	GlobalSection(SolutionProperties) = preSolution
		HideSolutionNode = FALSE
	EndGlobalSection
	GlobalSection(ExtensibilityGlobals) = postSolution
		SolutionGuid = {17FA2E18-1CB2-4BC1-98D4-0F7308106732}
	EndGlobalSection
EndGlobal
